{
  "version": 4,
  "terraform_version": "1.14.5",
  "serial": 11,
  "lineage": "9601d902-1f9d-b2a5-a023-c23b4b306e40",
  "outputs": {},
  "resources": [
    {
      "mode": "managed",
      "type": "aws_default_vpc",
      "name": "default",
      "provider": "provider[\"registry.terraform.io/hashicorp/aws\"]",
      "instances": [
        {
          "schema_version": 1,
          "attributes": {
            "arn": "arn:aws:ec2:ap-south-1:301641291699:vpc/vpc-0f997a42858ac8d03",
            "assign_generated_ipv6_cidr_block": false,
            "cidr_block": "172.31.0.0/16",
            "default_network_acl_id": "acl-084136cd0c9891a0f",
            "default_route_table_id": "rtb-0a2943a10cf4f13d0",
            "default_security_group_id": "sg-05bf1b7e38bac510d",
            "dhcp_options_id": "dopt-0c58e389cc9219cb1",
            "enable_dns_hostnames": true,
            "enable_dns_support": true,
            "enable_network_address_usage_metrics": false,
            "existing_default_vpc": true,
            "force_destroy": false,
            "id": "vpc-0f997a42858ac8d03",
            "instance_tenancy": "default",
            "ipv6_association_id": "",
            "ipv6_cidr_block": "",
            "ipv6_cidr_block_network_border_group": "",
            "ipv6_ipam_pool_id": "",
            "ipv6_netmask_length": 0,
            "main_route_table_id": "rtb-0a2943a10cf4f13d0",
            "owner_id": "301641291699",
            "tags": {},
            "tags_all": {}
          },
          "sensitive_attributes": [],
          "identity_schema_version": 0,
          "private": "eyJzY2hlbWFfdmVyc2lvbiI6IjEifQ=="
        }
      ]
    },
    {
      "mode": "managed",
      "type": "aws_key_pair",
      "name": "deployer",
      "provider": "provider[\"registry.terraform.io/hashicorp/aws\"]",
      "instances": [
        {
          "schema_version": 1,
          "attributes": {
            "arn": "arn:aws:ec2:ap-south-1:301641291699:key-pair/terra-key",
            "fingerprint": "87:68:b1:74:df:97:32:7a:7a:57:af:4d:2c:c6:01:8c",
            "id": "terra-key",
            "key_name": "terra-key",
            "key_name_prefix": "",
            "key_pair_id": "key-0c6c165571a6fd9c0",
            "key_type": "rsa",
            "public_key": "ssh-rsa AAAAB3NzaC1yc2EAAAADAQABAAABgQDQrib3Vvi56Dtgi7iC7Vs8r7Tizi9shVyki2lhtgGey1PYCbj3G59WM2qVyKW+2WO2u+NB9jHhysydKCh3xZmGE6NFCDS2UE4dpHs/rK53fvEuTK5xJCsjmZFhgliKaSTUOhyfT54Is1vaqpuoCrm8XPDTebeWDlZm0f1i1vkIO3FFAqjcMtmWpc/l5t8yxYWA3L/5X6emJ9RY4lclK3g7diMqfPJElTChhdYOn5OzIGGLK3zg4UIy5kesRAUyy3mGeWKXhUWc9O9MwCSP9cx682R6aFJsCGcrmuv3KlwxFqZ/qTBZ/wR+4JbWglcChpv6mnRS3w3TyxoFSXub1uidTFbzlqoEGNA6VmeddU1B/By64nGS63MEZgbyKUuKFNRRXiAxlArHcLsDowB7QPpqSMorj9xq+ixKTQHwu4nPuNuHlxvlYR9cwhhhCIFY0WZi7hj3lCJJEuASLSe5Q41oGZd5dGPN9qYRglNzHF7ApGCkImrY3yHU/ZWtaAQcBPU= 91960@tanmay-Windows",
            "tags": {},
            "tags_all": {}
          },
          "sensitive_attributes": [],
          "identity_schema_version": 0,
          "private": "eyJzY2hlbWFfdmVyc2lvbiI6IjEifQ=="
        }
      ]
    },
    {
      "mode": "managed",
      "type": "aws_security_group",
      "name": "allow_user_to_connect",
      "provider": "provider[\"registry.terraform.io/hashicorp/aws\"]",
      "instances": [
        {
          "schema_version": 1,
          "attributes": {
            "arn": "arn:aws:ec2:ap-south-1:301641291699:security-group/sg-0aa3a70af7fae4907",
            "description": "Allow user to connect",
            "egress": [
              {
                "cidr_blocks": [
                  "0.0.0.0/0"
                ],
                "description": " allow all outgoing traffic ",
                "from_port": 0,
                "ipv6_cidr_blocks": [],
                "prefix_list_ids": [],
                "protocol": "-1",
                "security_groups": [],
                "self": false,
                "to_port": 0
              }
            ],
            "id": "sg-0aa3a70af7fae4907",
            "ingress": [
              {
                "cidr_blocks": [
                  "0.0.0.0/0"
                ],
                "description": "port 22 allow",
                "from_port": 22,
                "ipv6_cidr_blocks": [],
                "prefix_list_ids": [],
                "protocol": "tcp",
                "security_groups": [],
                "self": false,
                "to_port": 22
              },
              {
                "cidr_blocks": [
                  "0.0.0.0/0"
                ],
                "description": "port 443 allow",
                "from_port": 443,
                "ipv6_cidr_blocks": [],
                "prefix_list_ids": [],
                "protocol": "tcp",
                "security_groups": [],
                "self": false,
                "to_port": 443
              },
              {
                "cidr_blocks": [
                  "0.0.0.0/0"
                ],
                "description": "port 80 allow",
                "from_port": 80,
                "ipv6_cidr_blocks": [],
                "prefix_list_ids": [],
                "protocol": "tcp",
                "security_groups": [],
                "self": false,
                "to_port": 80
              }
            ],
            "name": "allow TLS",
            "name_prefix": "",
            "owner_id": "301641291699",
            "revoke_rules_on_delete": false,
            "tags": {
              "Name": "mysecurity"
            },
            "tags_all": {
              "Name": "mysecurity"
            },
            "timeouts": null,
            "vpc_id": "vpc-0f997a42858ac8d03"
          },
          "sensitive_attributes": [],
          "identity_schema_version": 0,
          "private": "eyJlMmJmYjczMC1lY2FhLTExZTYtOGY4OC0zNDM2M2JjN2M0YzAiOnsiY3JlYXRlIjo2MDAwMDAwMDAwMDAsImRlbGV0ZSI6OTAwMDAwMDAwMDAwfSwic2NoZW1hX3ZlcnNpb24iOiIxIn0=",
          "dependencies": [
            "aws_default_vpc.default"
          ]
        }
      ]
    }
  ],
  "check_results": null
}
